
Microsoft Visual Studio Solution File, Format Version 12.00
# Visual Studio Version 17
VisualStudioVersion = 17.9.34723.18
MinimumVisualStudioVersion = 10.0.40219.1
Project("{9A19103F-16F7-4668-BE54-9A1E7A4F7556}") = "Bupa.MotExpiry.App", "Bupa.MotExpiry.App\Bupa.MotExpiry.App.csproj", "{3252FA21-638D-4BFC-B7E5-7C7D92F1FB50}"
EndProject
Project("{FAE04EC0-301F-11D3-BF4B-00C04F79EFBC}") = "Bupa.MotExpiry.App.Tests.End2End", "Bupa.MotExpiry.App.Tests.End2End\Bupa.MotExpiry.App.Tests.End2End.csproj", "{ECC1DB54-431A-4110-936F-DC69169940F3}"
EndProject
Global
	GlobalSection(SolutionConfigurationPlatforms) = preSolution
		Debug|Any CPU = Debug|Any CPU
		Release|Any CPU = Release|Any CPU
	EndGlobalSection
	GlobalSection(ProjectConfigurationPlatforms) = postSolution
		{3252FA21-638D-4BFC-B7E5-7C7D92F1FB50}.Debug|Any CPU.ActiveCfg = Debug|Any CPU
		{3252FA21-638D-4BFC-B7E5-7C7D92F1FB50}.Debug|Any CPU.Build.0 = Debug|Any CPU
		{3252FA21-638D-4BFC-B7E5-7C7D92F1FB50}.Release|Any CPU.ActiveCfg = Release|Any CPU
		{3252FA21-638D-4BFC-B7E5-7C7D92F1FB50}.Release|Any CPU.Build.0 = Release|Any CPU
		{ECC1DB54-431A-4110-936F-DC69169940F3}.Debug|Any CPU.ActiveCfg = Debug|Any CPU
		{ECC1DB54-431A-4110-936F-DC69169940F3}.Debug|Any CPU.Build.0 = Debug|Any CPU
		{ECC1DB54-431A-4110-936F-DC69169940F3}.Release|Any CPU.ActiveCfg = Release|Any CPU
		{ECC1DB54-431A-4110-936F-DC69169940F3}.Release|Any CPU.Build.0 = Release|Any CPU
	EndGlobalSection
	GlobalSection(SolutionProperties) = preSolution
		HideSolutionNode = FALSE
	EndGlobalSection
	GlobalSection(ExtensibilityGlobals) = postSolution
		SolutionGuid = {9B4C6287-A44E-4879-8DD0-1E9FF33B377A}
	EndGlobalSection
EndGlobal
